// !$*UTF8*$!
{
	archiveVersion = 1;
	classes = {
	};
	objectVersion = 50;
	objects = {

/* Begin PBXBuildFile section */
		DB3D17512176EEBB001426E8 /* AppDelegate.swift in Sources */ = {isa = PBXBuildFile; fileRef = DB3D17502176EEBB001426E8 /* AppDelegate.swift */; };
		DB3D17582176EEBC001426E8 /* Assets.xcassets in Resources */ = {isa = PBXBuildFile; fileRef = DB3D17572176EEBC001426E8 /* Assets.xcassets */; };
		DB3D175B2176EEBC001426E8 /* LaunchScreen.storyboard in Resources */ = {isa = PBXBuildFile; fileRef = DB3D17592176EEBC001426E8 /* LaunchScreen.storyboard */; };
		DB3D176521801876001426E8 /* TripModel.swift in Sources */ = {isa = PBXBuildFile; fileRef = DB3D176421801876001426E8 /* TripModel.swift */; };
		DB3D176721801881001426E8 /* TripFunctions.swift in Sources */ = {isa = PBXBuildFile; fileRef = DB3D176621801881001426E8 /* TripFunctions.swift */; };
		DB3D17692187E0D8001426E8 /* Data.swift in Sources */ = {isa = PBXBuildFile; fileRef = DB3D17682187E0D8001426E8 /* Data.swift */; };
		DB68634E21993EF700E970CA /* UIButtonExtension.swift in Sources */ = {isa = PBXBuildFile; fileRef = DB68634D21993EF700E970CA /* UIButtonExtension.swift */; };
		DBD8D717218951110085231E /* TripsViewController.storyboard in Resources */ = {isa = PBXBuildFile; fileRef = DBD8D716218951110085231E /* TripsViewController.storyboard */; };
		DBD8D71B218951520085231E /* TripsViewController.swift in Sources */ = {isa = PBXBuildFile; fileRef = DBD8D71A218951520085231E /* TripsViewController.swift */; };
		DBD8D71D21895C440085231E /* TripsTableViewCell.swift in Sources */ = {isa = PBXBuildFile; fileRef = DBD8D71C21895C440085231E /* TripsTableViewCell.swift */; };
		DBD8D72021896A9F0085231E /* UIViewExtensions.swift in Sources */ = {isa = PBXBuildFile; fileRef = DBD8D71F21896A9F0085231E /* UIViewExtensions.swift */; };
		DBD8D723218AC61C0085231E /* Theme.swift in Sources */ = {isa = PBXBuildFile; fileRef = DBD8D722218AC61C0085231E /* Theme.swift */; };
		DBD8D725218ACF1F0085231E /* FugazOne-Regular.ttf in Resources */ = {isa = PBXBuildFile; fileRef = DBD8D724218ACF1F0085231E /* FugazOne-Regular.ttf */; };
		DBD8D7472199114F0085231E /* Colors.xcassets in Resources */ = {isa = PBXBuildFile; fileRef = DBD8D7462199114F0085231E /* Colors.xcassets */; };
/* End PBXBuildFile section */

/* Begin PBXFileReference section */
		DB3D174D2176EEBB001426E8 /* Itinerary.app */ = {isa = PBXFileReference; explicitFileType = wrapper.application; includeInIndex = 0; path = Itinerary.app; sourceTree = BUILT_PRODUCTS_DIR; };
		DB3D17502176EEBB001426E8 /* AppDelegate.swift */ = {isa = PBXFileReference; lastKnownFileType = sourcecode.swift; path = AppDelegate.swift; sourceTree = "<group>"; };
		DB3D17572176EEBC001426E8 /* Assets.xcassets */ = {isa = PBXFileReference; lastKnownFileType = folder.assetcatalog; path = Assets.xcassets; sourceTree = "<group>"; };
		DB3D175A2176EEBC001426E8 /* Base */ = {isa = PBXFileReference; lastKnownFileType = file.storyboard; name = Base; path = Base.lproj/LaunchScreen.storyboard; sourceTree = "<group>"; };
		DB3D175C2176EEBC001426E8 /* Info.plist */ = {isa = PBXFileReference; lastKnownFileType = text.plist.xml; path = Info.plist; sourceTree = "<group>"; };
		DB3D176421801876001426E8 /* TripModel.swift */ = {isa = PBXFileReference; lastKnownFileType = sourcecode.swift; path = TripModel.swift; sourceTree = "<group>"; };
		DB3D176621801881001426E8 /* TripFunctions.swift */ = {isa = PBXFileReference; lastKnownFileType = sourcecode.swift; path = TripFunctions.swift; sourceTree = "<group>"; };
		DB3D17682187E0D8001426E8 /* Data.swift */ = {isa = PBXFileReference; lastKnownFileType = sourcecode.swift; path = Data.swift; sourceTree = "<group>"; };
		DB68634D21993EF700E970CA /* UIButtonExtension.swift */ = {isa = PBXFileReference; lastKnownFileType = sourcecode.swift; path = UIButtonExtension.swift; sourceTree = "<group>"; };
		DBD8D716218951110085231E /* TripsViewController.storyboard */ = {isa = PBXFileReference; lastKnownFileType = file.storyboard; path = TripsViewController.storyboard; sourceTree = "<group>"; };
		DBD8D71A218951520085231E /* TripsViewController.swift */ = {isa = PBXFileReference; lastKnownFileType = sourcecode.swift; path = TripsViewController.swift; sourceTree = "<group>"; };
		DBD8D71C21895C440085231E /* TripsTableViewCell.swift */ = {isa = PBXFileReference; lastKnownFileType = sourcecode.swift; path = TripsTableViewCell.swift; sourceTree = "<group>"; };
		DBD8D71F21896A9F0085231E /* UIViewExtensions.swift */ = {isa = PBXFileReference; lastKnownFileType = sourcecode.swift; path = UIViewExtensions.swift; sourceTree = "<group>"; };
		DBD8D722218AC61C0085231E /* Theme.swift */ = {isa = PBXFileReference; lastKnownFileType = sourcecode.swift; path = Theme.swift; sourceTree = "<group>"; };
		DBD8D724218ACF1F0085231E /* FugazOne-Regular.ttf */ = {isa = PBXFileReference; lastKnownFileType = file; path = "FugazOne-Regular.ttf"; sourceTree = "<group>"; };
		DBD8D7462199114F0085231E /* Colors.xcassets */ = {isa = PBXFileReference; lastKnownFileType = folder.assetcatalog; path = Colors.xcassets; sourceTree = "<group>"; };
/* End PBXFileReference section */

/* Begin PBXFrameworksBuildPhase section */
		DB3D174A2176EEBB001426E8 /* Frameworks */ = {
			isa = PBXFrameworksBuildPhase;
			buildActionMask = 2147483647;
			files = (
			);
			runOnlyForDeploymentPostprocessing = 0;
		};
/* End PBXFrameworksBuildPhase section */

/* Begin PBXGroup section */
		DB3D17442176EEBB001426E8 = {
			isa = PBXGroup;
			children = (
				DB3D174F2176EEBB001426E8 /* Itinerary */,
				DB3D174E2176EEBB001426E8 /* Products */,
			);
			sourceTree = "<group>";
		};
		DB3D174E2176EEBB001426E8 /* Products */ = {
			isa = PBXGroup;
			children = (
				DB3D174D2176EEBB001426E8 /* Itinerary.app */,
			);
			name = Products;
			sourceTree = "<group>";
		};
		DB3D174F2176EEBB001426E8 /* Itinerary */ = {
			isa = PBXGroup;
			children = (
				DBD8D721218AC6070085231E /* Resources */,
				DBD8D71E21896A7F0085231E /* Extensions */,
				DB3D17622180184C001426E8 /* Model */,
				DBD8D714218950300085231E /* Views */,
				DB3D17502176EEBB001426E8 /* AppDelegate.swift */,
				DB3D17572176EEBC001426E8 /* Assets.xcassets */,
				DB3D17592176EEBC001426E8 /* LaunchScreen.storyboard */,
				DB3D175C2176EEBC001426E8 /* Info.plist */,
			);
			path = Itinerary;
			sourceTree = "<group>";
		};
		DB3D17622180184C001426E8 /* Model */ = {
			isa = PBXGroup;
			children = (
				DB3D17682187E0D8001426E8 /* Data.swift */,
				DB3D176321801856001426E8 /* Trip */,
			);
			path = Model;
			sourceTree = "<group>";
		};
		DB3D176321801856001426E8 /* Trip */ = {
			isa = PBXGroup;
			children = (
				DB3D176421801876001426E8 /* TripModel.swift */,
				DB3D176621801881001426E8 /* TripFunctions.swift */,
			);
			path = Trip;
			sourceTree = "<group>";
		};
		DBD8D714218950300085231E /* Views */ = {
			isa = PBXGroup;
			children = (
				DBD8D7152189503F0085231E /* TripsViewController */,
			);
			path = Views;
			sourceTree = "<group>";
		};
		DBD8D7152189503F0085231E /* TripsViewController */ = {
			isa = PBXGroup;
			children = (
				DBD8D716218951110085231E /* TripsViewController.storyboard */,
				DBD8D71A218951520085231E /* TripsViewController.swift */,
				DBD8D71C21895C440085231E /* TripsTableViewCell.swift */,
			);
			path = TripsViewController;
			sourceTree = "<group>";
		};
		DBD8D71E21896A7F0085231E /* Extensions */ = {
			isa = PBXGroup;
			children = (
				DBD8D71F21896A9F0085231E /* UIViewExtensions.swift */,
				DB68634D21993EF700E970CA /* UIButtonExtension.swift */,
			);
			path = Extensions;
			sourceTree = "<group>";
		};
		DBD8D721218AC6070085231E /* Resources */ = {
			isa = PBXGroup;
			children = (
				DBD8D722218AC61C0085231E /* Theme.swift */,
				DBD8D724218ACF1F0085231E /* FugazOne-Regular.ttf */,
				DBD8D7462199114F0085231E /* Colors.xcassets */,
			);
			path = Resources;
			sourceTree = "<group>";
		};
/* End PBXGroup section */

/* Begin PBXNativeTarget section */
		DB3D174C2176EEBB001426E8 /* Itinerary */ = {
			isa = PBXNativeTarget;
			buildConfigurationList = DB3D175F2176EEBC001426E8 /* Build configuration list for PBXNativeTarget "Itinerary" */;
			buildPhases = (
				DB3D17492176EEBB001426E8 /* Sources */,
				DB3D174A2176EEBB001426E8 /* Frameworks */,
				DB3D174B2176EEBB001426E8 /* Resources */,
			);
			buildRules = (
			);
			dependencies = (
			);
			name = Itinerary;
			productName = Itinerary;
			productReference = DB3D174D2176EEBB001426E8 /* Itinerary.app */;
			productType = "com.apple.product-type.application";
		};
/* End PBXNativeTarget section */

/* Begin PBXProject section */
		DB3D17452176EEBB001426E8 /* Project object */ = {
			isa = PBXProject;
			attributes = {
				LastSwiftUpdateCheck = 1000;
				LastUpgradeCheck = 1000;
				ORGANIZATIONNAME = "Weijie Lin";
				TargetAttributes = {
					DB3D174C2176EEBB001426E8 = {
						CreatedOnToolsVersion = 10.0;
					};
				};
			};
			buildConfigurationList = DB3D17482176EEBB001426E8 /* Build configuration list for PBXProject "Itinerary" */;
			compatibilityVersion = "Xcode 9.3";
			developmentRegion = en;
			hasScannedForEncodings = 0;
			knownRegions = (
				en,
				Base,
			);
			mainGroup = DB3D17442176EEBB001426E8;
			productRefGroup = DB3D174E2176EEBB001426E8 /* Products */;
			projectDirPath = "";
			projectRoot = "";
			targets = (
				DB3D174C2176EEBB001426E8 /* Itinerary */,
			);
		};
/* End PBXProject section */

/* Begin PBXResourcesBuildPhase section */
		DB3D174B2176EEBB001426E8 /* Resources */ = {
			isa = PBXResourcesBuildPhase;
			buildActionMask = 2147483647;
			files = (
				DBD8D7472199114F0085231E /* Colors.xcassets in Resources */,
				DB3D175B2176EEBC001426E8 /* LaunchScreen.storyboard in Resources */,
				DBD8D717218951110085231E /* TripsViewController.storyboard in Resources */,
				DBD8D725218ACF1F0085231E /* FugazOne-Regular.ttf in Resources */,
				DB3D17582176EEBC001426E8 /* Assets.xcassets in Resources */,
			);
			runOnlyForDeploymentPostprocessing = 0;
		};
/* End PBXResourcesBuildPhase section */

/* Begin PBXSourcesBuildPhase section */
		DB3D17492176EEBB001426E8 /* Sources */ = {
			isa = PBXSourcesBuildPhase;
			buildActionMask = 2147483647;
			files = (
				DBD8D71D21895C440085231E /* TripsTableViewCell.swift in Sources */,
				DBD8D723218AC61C0085231E /* Theme.swift in Sources */,
				DBD8D72021896A9F0085231E /* UIViewExtensions.swift in Sources */,
				DB3D176521801876001426E8 /* TripModel.swift in Sources */,
				DB3D17512176EEBB001426E8 /* AppDelegate.swift in Sources */,
				DB68634E21993EF700E970CA /* UIButtonExtension.swift in Sources */,
				DB3D176721801881001426E8 /* TripFunctions.swift in Sources */,
				DB3D17692187E0D8001426E8 /* Data.swift in Sources */,
				DBD8D71B218951520085231E /* TripsViewController.swift in Sources */,
			);
			runOnlyForDeploymentPostprocessing = 0;
		};
/* End PBXSourcesBuildPhase section */

/* Begin PBXVariantGroup section */
		DB3D17592176EEBC001426E8 /* LaunchScreen.storyboard */ = {
			isa = PBXVariantGroup;
			children = (
				DB3D175A2176EEBC001426E8 /* Base */,
			);
			name = LaunchScreen.storyboard;
			sourceTree = "<group>";
		};
/* End PBXVariantGroup section */

/* Begin XCBuildConfiguration section */
		DB3D175D2176EEBC001426E8 /* Debug */ = {
			isa = XCBuildConfiguration;
			buildSettings = {
				ALWAYS_SEARCH_USER_PATHS = NO;
				CLANG_ANALYZER_NONNULL = YES;
				CLANG_ANALYZER_NUMBER_OBJECT_CONVERSION = YES_AGGRESSIVE;
				CLANG_CXX_LANGUAGE_STANDARD = "gnu++14";
				CLANG_CXX_LIBRARY = "libc++";
				CLANG_ENABLE_MODULES = YES;
				CLANG_ENABLE_OBJC_ARC = YES;
				CLANG_ENABLE_OBJC_WEAK = YES;
				CLANG_WARN_BLOCK_CAPTURE_AUTORELEASING = YES;
				CLANG_WARN_BOOL_CONVERSION = YES;
				CLANG_WARN_COMMA = YES;
				CLANG_WARN_CONSTANT_CONVERSION = YES;
				CLANG_WARN_DEPRECATED_OBJC_IMPLEMENTATIONS = YES;
				CLANG_WARN_DIRECT_OBJC_ISA_USAGE = YES_ERROR;
				CLANG_WARN_DOCUMENTATION_COMMENTS = YES;
				CLANG_WARN_EMPTY_BODY = YES;
				CLANG_WARN_ENUM_CONVERSION = YES;
				CLANG_WARN_INFINITE_RECURSION = YES;
				CLANG_WARN_INT_CONVERSION = YES;
				CLANG_WARN_NON_LITERAL_NULL_CONVERSION = YES;
				CLANG_WARN_OBJC_IMPLICIT_RETAIN_SELF = YES;
				CLANG_WARN_OBJC_LITERAL_CONVERSION = YES;
				CLANG_WARN_OBJC_ROOT_CLASS = YES_ERROR;
				CLANG_WARN_RANGE_LOOP_ANALYSIS = YES;
				CLANG_WARN_STRICT_PROTOTYPES = YES;
				CLANG_WARN_SUSPICIOUS_MOVE = YES;
				CLANG_WARN_UNGUARDED_AVAILABILITY = YES_AGGRESSIVE;
				CLANG_WARN_UNREACHABLE_CODE = YES;
				CLANG_WARN__DUPLICATE_METHOD_MATCH = YES;
				CODE_SIGN_IDENTITY = "iPhone Developer";
				COPY_PHASE_STRIP = NO;
				DEBUG_INFORMATION_FORMAT = dwarf;
				ENABLE_STRICT_OBJC_MSGSEND = YES;
				ENABLE_TESTABILITY = YES;
				GCC_C_LANGUAGE_STANDARD = gnu11;
				GCC_DYNAMIC_NO_PIC = NO;
				GCC_NO_COMMON_BLOCKS = YES;
				GCC_OPTIMIZATION_LEVEL = 0;
				GCC_PREPROCESSOR_DEFINITIONS = (
					"DEBUG=1",
					"$(inherited)",
				);
				GCC_WARN_64_TO_32_BIT_CONVERSION = YES;
				GCC_WARN_ABOUT_RETURN_TYPE = YES_ERROR;
				GCC_WARN_UNDECLARED_SELECTOR = YES;
				GCC_WARN_UNINITIALIZED_AUTOS = YES_AGGRESSIVE;
				GCC_WARN_UNUSED_FUNCTION = YES;
				GCC_WARN_UNUSED_VARIABLE = YES;
				IPHONEOS_DEPLOYMENT_TARGET = 12.0;
				MTL_ENABLE_DEBUG_INFO = INCLUDE_SOURCE;
				MTL_FAST_MATH = YES;
				ONLY_ACTIVE_ARCH = YES;
				SDKROOT = iphoneos;
				SWIFT_ACTIVE_COMPILATION_CONDITIONS = DEBUG;
				SWIFT_OPTIMIZATION_LEVEL = "-Onone";
			};
			name = Debug;
		};
		DB3D175E2176EEBC001426E8 /* Release */ = {
			isa = XCBuildConfiguration;
			buildSettings = {
				ALWAYS_SEARCH_USER_PATHS = NO;
				CLANG_ANALYZER_NONNULL = YES;
				CLANG_ANALYZER_NUMBER_OBJECT_CONVERSION = YES_AGGRESSIVE;
				CLANG_CXX_LANGUAGE_STANDARD = "gnu++14";
				CLANG_CXX_LIBRARY = "libc++";
				CLANG_ENABLE_MODULES = YES;
				CLANG_ENABLE_OBJC_ARC = YES;
				CLANG_ENABLE_OBJC_WEAK = YES;
				CLANG_WARN_BLOCK_CAPTURE_AUTORELEASING = YES;
				CLANG_WARN_BOOL_CONVERSION = YES;
				CLANG_WARN_COMMA = YES;
				CLANG_WARN_CONSTANT_CONVERSION = YES;
				CLANG_WARN_DEPRECATED_OBJC_IMPLEMENTATIONS = YES;
				CLANG_WARN_DIRECT_OBJC_ISA_USAGE = YES_ERROR;
				CLANG_WARN_DOCUMENTATION_COMMENTS = YES;
				CLANG_WARN_EMPTY_BODY = YES;
				CLANG_WARN_ENUM_CONVERSION = YES;
				CLANG_WARN_INFINITE_RECURSION = YES;
				CLANG_WARN_INT_CONVERSION = YES;
				CLANG_WARN_NON_LITERAL_NULL_CONVERSION = YES;
				CLANG_WARN_OBJC_IMPLICIT_RETAIN_SELF = YES;
				CLANG_WARN_OBJC_LITERAL_CONVERSION = YES;
				CLANG_WARN_OBJC_ROOT_CLASS = YES_ERROR;
				CLANG_WARN_RANGE_LOOP_ANALYSIS = YES;
				CLANG_WARN_STRICT_PROTOTYPES = YES;
				CLANG_WARN_SUSPICIOUS_MOVE = YES;
				CLANG_WARN_UNGUARDED_AVAILABILITY = YES_AGGRESSIVE;
				CLANG_WARN_UNREACHABLE_CODE = YES;
				CLANG_WARN__DUPLICATE_METHOD_MATCH = YES;
				CODE_SIGN_IDENTITY = "iPhone Developer";
				COPY_PHASE_STRIP = NO;
				DEBUG_INFORMATION_FORMAT = "dwarf-with-dsym";
				ENABLE_NS_ASSERTIONS = NO;
				ENABLE_STRICT_OBJC_MSGSEND = YES;
				GCC_C_LANGUAGE_STANDARD = gnu11;
				GCC_NO_COMMON_BLOCKS = YES;
				GCC_WARN_64_TO_32_BIT_CONVERSION = YES;
				GCC_WARN_ABOUT_RETURN_TYPE = YES_ERROR;
				GCC_WARN_UNDECLARED_SELECTOR = YES;
				GCC_WARN_UNINITIALIZED_AUTOS = YES_AGGRESSIVE;
				GCC_WARN_UNUSED_FUNCTION = YES;
				GCC_WARN_UNUSED_VARIABLE = YES;
				IPHONEOS_DEPLOYMENT_TARGET = 12.0;
				MTL_ENABLE_DEBUG_INFO = NO;
				MTL_FAST_MATH = YES;
				SDKROOT = iphoneos;
				SWIFT_COMPILATION_MODE = wholemodule;
				SWIFT_OPTIMIZATION_LEVEL = "-O";
				VALIDATE_PRODUCT = YES;
			};
			name = Release;
		};
		DB3D17602176EEBC001426E8 /* Debug */ = {
			isa = XCBuildConfiguration;
			buildSettings = {
				ASSETCATALOG_COMPILER_APPICON_NAME = AppIcon;
				CODE_SIGN_STYLE = Automatic;
				DEVELOPMENT_TEAM = ZPWDFT65EV;
				INFOPLIST_FILE = Itinerary/Info.plist;
				LD_RUNPATH_SEARCH_PATHS = (
					"$(inherited)",
					"@executable_path/Frameworks",
				);
				PRODUCT_BUNDLE_IDENTIFIER = me.weijielin.Itinerary;
				PRODUCT_NAME = "$(TARGET_NAME)";
				SWIFT_VERSION = 4.2;
				TARGETED_DEVICE_FAMILY = "1,2";
			};
			name = Debug;
		};
		DB3D17612176EEBC001426E8 /* Release */ = {
			isa = XCBuildConfiguration;
			buildSettings = {
				ASSETCATALOG_COMPILER_APPICON_NAME = AppIcon;
				CODE_SIGN_STYLE = Automatic;
				DEVELOPMENT_TEAM = ZPWDFT65EV;
				INFOPLIST_FILE = Itinerary/Info.plist;
				LD_RUNPATH_SEARCH_PATHS = (
					"$(inherited)",
					"@executable_path/Frameworks",
				);
				PRODUCT_BUNDLE_IDENTIFIER = me.weijielin.Itinerary;
				PRODUCT_NAME = "$(TARGET_NAME)";
				SWIFT_VERSION = 4.2;
				TARGETED_DEVICE_FAMILY = "1,2";
			};
			name = Release;
		};
/* End XCBuildConfiguration section */

/* Begin XCConfigurationList section */
		DB3D17482176EEBB001426E8 /* Build configuration list for PBXProject "Itinerary" */ = {
			isa = XCConfigurationList;
			buildConfigurations = (
				DB3D175D2176EEBC001426E8 /* Debug */,
				DB3D175E2176EEBC001426E8 /* Release */,
			);
			defaultConfigurationIsVisible = 0;
			defaultConfigurationName = Release;
		};
		DB3D175F2176EEBC001426E8 /* Build configuration list for PBXNativeTarget "Itinerary" */ = {
			isa = XCConfigurationList;
			buildConfigurations = (
				DB3D17602176EEBC001426E8 /* Debug */,
				DB3D17612176EEBC001426E8 /* Release */,
			);
			defaultConfigurationIsVisible = 0;
			defaultConfigurationName = Release;
		};
/* End XCConfigurationList section */
	};
	rootObject = DB3D17452176EEBB001426E8 /* Project object */;
}
