// !$*UTF8*$!
{
	archiveVersion = 1;
	classes = {
	};
	objectVersion = 50;
	objects = {

/* Begin PBXBuildFile section */
		DBB71BDB22ADB95600588E01 /* AppDelegate.swift in Sources */ = {isa = PBXBuildFile; fileRef = DBB71BDA22ADB95600588E01 /* AppDelegate.swift */; };
		DBB71BDD22ADB95600588E01 /* SceneDelegate.swift in Sources */ = {isa = PBXBuildFile; fileRef = DBB71BDC22ADB95600588E01 /* SceneDelegate.swift */; };
		DBB71BDF22ADB95700588E01 /* ContentView.swift in Sources */ = {isa = PBXBuildFile; fileRef = DBB71BDE22ADB95700588E01 /* ContentView.swift */; };
		DBB71BE122ADB95B00588E01 /* Assets.xcassets in Resources */ = {isa = PBXBuildFile; fileRef = DBB71BE022ADB95B00588E01 /* Assets.xcassets */; };
		DBB71BE422ADB95B00588E01 /* Preview Assets.xcassets in Resources */ = {isa = PBXBuildFile; fileRef = DBB71BE322ADB95B00588E01 /* Preview Assets.xcassets */; };
		DBB71BE722ADB95B00588E01 /* LaunchScreen.storyboard in Resources */ = {isa = PBXBuildFile; fileRef = DBB71BE522ADB95B00588E01 /* LaunchScreen.storyboard */; };
/* End PBXBuildFile section */

/* Begin PBXFileReference section */
		DBB71BD722ADB95600588E01 /* DynamicListSwiftUI.app */ = {isa = PBXFileReference; explicitFileType = wrapper.application; includeInIndex = 0; path = DynamicListSwiftUI.app; sourceTree = BUILT_PRODUCTS_DIR; };
		DBB71BDA22ADB95600588E01 /* AppDelegate.swift */ = {isa = PBXFileReference; lastKnownFileType = sourcecode.swift; path = AppDelegate.swift; sourceTree = "<group>"; };
		DBB71BDC22ADB95600588E01 /* SceneDelegate.swift */ = {isa = PBXFileReference; lastKnownFileType = sourcecode.swift; path = SceneDelegate.swift; sourceTree = "<group>"; };
		DBB71BDE22ADB95700588E01 /* ContentView.swift */ = {isa = PBXFileReference; lastKnownFileType = sourcecode.swift; path = ContentView.swift; sourceTree = "<group>"; };
		DBB71BE022ADB95B00588E01 /* Assets.xcassets */ = {isa = PBXFileReference; lastKnownFileType = folder.assetcatalog; path = Assets.xcassets; sourceTree = "<group>"; };
		DBB71BE322ADB95B00588E01 /* Preview Assets.xcassets */ = {isa = PBXFileReference; lastKnownFileType = folder.assetcatalog; path = "Preview Assets.xcassets"; sourceTree = "<group>"; };
		DBB71BE622ADB95B00588E01 /* Base */ = {isa = PBXFileReference; lastKnownFileType = file.storyboard; name = Base; path = Base.lproj/LaunchScreen.storyboard; sourceTree = "<group>"; };
		DBB71BE822ADB95B00588E01 /* Info.plist */ = {isa = PBXFileReference; lastKnownFileType = text.plist.xml; path = Info.plist; sourceTree = "<group>"; };
/* End PBXFileReference section */

/* Begin PBXFrameworksBuildPhase section */
		DBB71BD422ADB95600588E01 /* Frameworks */ = {
			isa = PBXFrameworksBuildPhase;
			buildActionMask = 2147483647;
			files = (
			);
			runOnlyForDeploymentPostprocessing = 0;
		};
/* End PBXFrameworksBuildPhase section */

/* Begin PBXGroup section */
		DBB71BCE22ADB95600588E01 = {
			isa = PBXGroup;
			children = (
				DBB71BD922ADB95600588E01 /* DynamicListSwiftUI */,
				DBB71BD822ADB95600588E01 /* Products */,
			);
			sourceTree = "<group>";
		};
		DBB71BD822ADB95600588E01 /* Products */ = {
			isa = PBXGroup;
			children = (
				DBB71BD722ADB95600588E01 /* DynamicListSwiftUI.app */,
			);
			name = Products;
			sourceTree = "<group>";
		};
		DBB71BD922ADB95600588E01 /* DynamicListSwiftUI */ = {
			isa = PBXGroup;
			children = (
				DBB71BDA22ADB95600588E01 /* AppDelegate.swift */,
				DBB71BDC22ADB95600588E01 /* SceneDelegate.swift */,
				DBB71BDE22ADB95700588E01 /* ContentView.swift */,
				DBB71BE022ADB95B00588E01 /* Assets.xcassets */,
				DBB71BE522ADB95B00588E01 /* LaunchScreen.storyboard */,
				DBB71BE822ADB95B00588E01 /* Info.plist */,
				DBB71BE222ADB95B00588E01 /* Preview Content */,
			);
			path = DynamicListSwiftUI;
			sourceTree = "<group>";
		};
		DBB71BE222ADB95B00588E01 /* Preview Content */ = {
			isa = PBXGroup;
			children = (
				DBB71BE322ADB95B00588E01 /* Preview Assets.xcassets */,
			);
			path = "Preview Content";
			sourceTree = "<group>";
		};
/* End PBXGroup section */

/* Begin PBXNativeTarget section */
		DBB71BD622ADB95600588E01 /* DynamicListSwiftUI */ = {
			isa = PBXNativeTarget;
			buildConfigurationList = DBB71BEB22ADB95B00588E01 /* Build configuration list for PBXNativeTarget "DynamicListSwiftUI" */;
			buildPhases = (
				DBB71BD322ADB95600588E01 /* Sources */,
				DBB71BD422ADB95600588E01 /* Frameworks */,
				DBB71BD522ADB95600588E01 /* Resources */,
			);
			buildRules = (
			);
			dependencies = (
			);
			name = DynamicListSwiftUI;
			productName = DynamicListSwiftUI;
			productReference = DBB71BD722ADB95600588E01 /* DynamicListSwiftUI.app */;
			productType = "com.apple.product-type.application";
		};
/* End PBXNativeTarget section */

/* Begin PBXProject section */
		DBB71BCF22ADB95600588E01 /* Project object */ = {
			isa = PBXProject;
			attributes = {
				LastSwiftUpdateCheck = 1100;
				LastUpgradeCheck = 1100;
				ORGANIZATIONNAME = "Weijie Lin";
				TargetAttributes = {
					DBB71BD622ADB95600588E01 = {
						CreatedOnToolsVersion = 11.0;
					};
				};
			};
			buildConfigurationList = DBB71BD222ADB95600588E01 /* Build configuration list for PBXProject "DynamicListSwiftUI" */;
			compatibilityVersion = "Xcode 9.3";
			developmentRegion = en;
			hasScannedForEncodings = 0;
			knownRegions = (
				en,
				Base,
			);
			mainGroup = DBB71BCE22ADB95600588E01;
			productRefGroup = DBB71BD822ADB95600588E01 /* Products */;
			projectDirPath = "";
			projectRoot = "";
			targets = (
				DBB71BD622ADB95600588E01 /* DynamicListSwiftUI */,
			);
		};
/* End PBXProject section */

/* Begin PBXResourcesBuildPhase section */
		DBB71BD522ADB95600588E01 /* Resources */ = {
			isa = PBXResourcesBuildPhase;
			buildActionMask = 2147483647;
			files = (
				DBB71BE722ADB95B00588E01 /* LaunchScreen.storyboard in Resources */,
				DBB71BE422ADB95B00588E01 /* Preview Assets.xcassets in Resources */,
				DBB71BE122ADB95B00588E01 /* Assets.xcassets in Resources */,
			);
			runOnlyForDeploymentPostprocessing = 0;
		};
/* End PBXResourcesBuildPhase section */

/* Begin PBXSourcesBuildPhase section */
		DBB71BD322ADB95600588E01 /* Sources */ = {
			isa = PBXSourcesBuildPhase;
			buildActionMask = 2147483647;
			files = (
				DBB71BDB22ADB95600588E01 /* AppDelegate.swift in Sources */,
				DBB71BDD22ADB95600588E01 /* SceneDelegate.swift in Sources */,
				DBB71BDF22ADB95700588E01 /* ContentView.swift in Sources */,
			);
			runOnlyForDeploymentPostprocessing = 0;
		};
/* End PBXSourcesBuildPhase section */

/* Begin PBXVariantGroup section */
		DBB71BE522ADB95B00588E01 /* LaunchScreen.storyboard */ = {
			isa = PBXVariantGroup;
			children = (
				DBB71BE622ADB95B00588E01 /* Base */,
			);
			name = LaunchScreen.storyboard;
			sourceTree = "<group>";
		};
/* End PBXVariantGroup section */

/* Begin XCBuildConfiguration section */
		DBB71BE922ADB95B00588E01 /* Debug */ = {
			isa = XCBuildConfiguration;
			buildSettings = {
				ALWAYS_SEARCH_USER_PATHS = NO;
				CLANG_ANALYZER_NONNULL = YES;
				CLANG_ANALYZER_NUMBER_OBJECT_CONVERSION = YES_AGGRESSIVE;
				CLANG_CXX_LANGUAGE_STANDARD = "gnu++14";
				CLANG_CXX_LIBRARY = "libc++";
				CLANG_ENABLE_MODULES = YES;
				CLANG_ENABLE_OBJC_ARC = YES;
				CLANG_ENABLE_OBJC_WEAK = YES;
				CLANG_WARN_BLOCK_CAPTURE_AUTORELEASING = YES;
				CLANG_WARN_BOOL_CONVERSION = YES;
				CLANG_WARN_COMMA = YES;
				CLANG_WARN_CONSTANT_CONVERSION = YES;
				CLANG_WARN_DEPRECATED_OBJC_IMPLEMENTATIONS = YES;
				CLANG_WARN_DIRECT_OBJC_ISA_USAGE = YES_ERROR;
				CLANG_WARN_DOCUMENTATION_COMMENTS = YES;
				CLANG_WARN_EMPTY_BODY = YES;
				CLANG_WARN_ENUM_CONVERSION = YES;
				CLANG_WARN_INFINITE_RECURSION = YES;
				CLANG_WARN_INT_CONVERSION = YES;
				CLANG_WARN_NON_LITERAL_NULL_CONVERSION = YES;
				CLANG_WARN_OBJC_IMPLICIT_RETAIN_SELF = YES;
				CLANG_WARN_OBJC_LITERAL_CONVERSION = YES;
				CLANG_WARN_OBJC_ROOT_CLASS = YES_ERROR;
				CLANG_WARN_RANGE_LOOP_ANALYSIS = YES;
				CLANG_WARN_STRICT_PROTOTYPES = YES;
				CLANG_WARN_SUSPICIOUS_MOVE = YES;
				CLANG_WARN_UNGUARDED_AVAILABILITY = YES_AGGRESSIVE;
				CLANG_WARN_UNREACHABLE_CODE = YES;
				CLANG_WARN__DUPLICATE_METHOD_MATCH = YES;
				COPY_PHASE_STRIP = NO;
				DEBUG_INFORMATION_FORMAT = dwarf;
				ENABLE_STRICT_OBJC_MSGSEND = YES;
				ENABLE_TESTABILITY = YES;
				GCC_C_LANGUAGE_STANDARD = gnu11;
				GCC_DYNAMIC_NO_PIC = NO;
				GCC_NO_COMMON_BLOCKS = YES;
				GCC_OPTIMIZATION_LEVEL = 0;
				GCC_PREPROCESSOR_DEFINITIONS = (
					"DEBUG=1",
					"$(inherited)",
				);
				GCC_WARN_64_TO_32_BIT_CONVERSION = YES;
				GCC_WARN_ABOUT_RETURN_TYPE = YES_ERROR;
				GCC_WARN_UNDECLARED_SELECTOR = YES;
				GCC_WARN_UNINITIALIZED_AUTOS = YES_AGGRESSIVE;
				GCC_WARN_UNUSED_FUNCTION = YES;
				GCC_WARN_UNUSED_VARIABLE = YES;
				IPHONEOS_DEPLOYMENT_TARGET = 13.0;
				MTL_ENABLE_DEBUG_INFO = INCLUDE_SOURCE;
				MTL_FAST_MATH = YES;
				ONLY_ACTIVE_ARCH = YES;
				SDKROOT = iphoneos;
				SWIFT_ACTIVE_COMPILATION_CONDITIONS = DEBUG;
				SWIFT_OPTIMIZATION_LEVEL = "-Onone";
			};
			name = Debug;
		};
		DBB71BEA22ADB95B00588E01 /* Release */ = {
			isa = XCBuildConfiguration;
			buildSettings = {
				ALWAYS_SEARCH_USER_PATHS = NO;
				CLANG_ANALYZER_NONNULL = YES;
				CLANG_ANALYZER_NUMBER_OBJECT_CONVERSION = YES_AGGRESSIVE;
				CLANG_CXX_LANGUAGE_STANDARD = "gnu++14";
				CLANG_CXX_LIBRARY = "libc++";
				CLANG_ENABLE_MODULES = YES;
				CLANG_ENABLE_OBJC_ARC = YES;
				CLANG_ENABLE_OBJC_WEAK = YES;
				CLANG_WARN_BLOCK_CAPTURE_AUTORELEASING = YES;
				CLANG_WARN_BOOL_CONVERSION = YES;
				CLANG_WARN_COMMA = YES;
				CLANG_WARN_CONSTANT_CONVERSION = YES;
				CLANG_WARN_DEPRECATED_OBJC_IMPLEMENTATIONS = YES;
				CLANG_WARN_DIRECT_OBJC_ISA_USAGE = YES_ERROR;
				CLANG_WARN_DOCUMENTATION_COMMENTS = YES;
				CLANG_WARN_EMPTY_BODY = YES;
				CLANG_WARN_ENUM_CONVERSION = YES;
				CLANG_WARN_INFINITE_RECURSION = YES;
				CLANG_WARN_INT_CONVERSION = YES;
				CLANG_WARN_NON_LITERAL_NULL_CONVERSION = YES;
				CLANG_WARN_OBJC_IMPLICIT_RETAIN_SELF = YES;
				CLANG_WARN_OBJC_LITERAL_CONVERSION = YES;
				CLANG_WARN_OBJC_ROOT_CLASS = YES_ERROR;
				CLANG_WARN_RANGE_LOOP_ANALYSIS = YES;
				CLANG_WARN_STRICT_PROTOTYPES = YES;
				CLANG_WARN_SUSPICIOUS_MOVE = YES;
				CLANG_WARN_UNGUARDED_AVAILABILITY = YES_AGGRESSIVE;
				CLANG_WARN_UNREACHABLE_CODE = YES;
				CLANG_WARN__DUPLICATE_METHOD_MATCH = YES;
				COPY_PHASE_STRIP = NO;
				DEBUG_INFORMATION_FORMAT = "dwarf-with-dsym";
				ENABLE_NS_ASSERTIONS = NO;
				ENABLE_STRICT_OBJC_MSGSEND = YES;
				GCC_C_LANGUAGE_STANDARD = gnu11;
				GCC_NO_COMMON_BLOCKS = YES;
				GCC_WARN_64_TO_32_BIT_CONVERSION = YES;
				GCC_WARN_ABOUT_RETURN_TYPE = YES_ERROR;
				GCC_WARN_UNDECLARED_SELECTOR = YES;
				GCC_WARN_UNINITIALIZED_AUTOS = YES_AGGRESSIVE;
				GCC_WARN_UNUSED_FUNCTION = YES;
				GCC_WARN_UNUSED_VARIABLE = YES;
				IPHONEOS_DEPLOYMENT_TARGET = 13.0;
				MTL_ENABLE_DEBUG_INFO = NO;
				MTL_FAST_MATH = YES;
				SDKROOT = iphoneos;
				SWIFT_COMPILATION_MODE = wholemodule;
				SWIFT_OPTIMIZATION_LEVEL = "-O";
				VALIDATE_PRODUCT = YES;
			};
			name = Release;
		};
		DBB71BEC22ADB95B00588E01 /* Debug */ = {
			isa = XCBuildConfiguration;
			buildSettings = {
				ASSETCATALOG_COMPILER_APPICON_NAME = AppIcon;
				CODE_SIGN_STYLE = Automatic;
				DEVELOPMENT_ASSET_PATHS = "DynamicListSwiftUI/Preview\\ Content";
				DEVELOPMENT_TEAM = ZPWDFT65EV;
				ENABLE_PREVIEWS = YES;
				INFOPLIST_FILE = DynamicListSwiftUI/Info.plist;
				LD_RUNPATH_SEARCH_PATHS = (
					"$(inherited)",
					"@executable_path/Frameworks",
				);
				PRODUCT_BUNDLE_IDENTIFIER = me.weijielin.DynamicListSwiftUI;
				PRODUCT_NAME = "$(TARGET_NAME)";
				SWIFT_VERSION = 5.0;
				TARGETED_DEVICE_FAMILY = "1,2";
			};
			name = Debug;
		};
		DBB71BED22ADB95B00588E01 /* Release */ = {
			isa = XCBuildConfiguration;
			buildSettings = {
				ASSETCATALOG_COMPILER_APPICON_NAME = AppIcon;
				CODE_SIGN_STYLE = Automatic;
				DEVELOPMENT_ASSET_PATHS = "DynamicListSwiftUI/Preview\\ Content";
				DEVELOPMENT_TEAM = ZPWDFT65EV;
				ENABLE_PREVIEWS = YES;
				INFOPLIST_FILE = DynamicListSwiftUI/Info.plist;
				LD_RUNPATH_SEARCH_PATHS = (
					"$(inherited)",
					"@executable_path/Frameworks",
				);
				PRODUCT_BUNDLE_IDENTIFIER = me.weijielin.DynamicListSwiftUI;
				PRODUCT_NAME = "$(TARGET_NAME)";
				SWIFT_VERSION = 5.0;
				TARGETED_DEVICE_FAMILY = "1,2";
			};
			name = Release;
		};
/* End XCBuildConfiguration section */

/* Begin XCConfigurationList section */
		DBB71BD222ADB95600588E01 /* Build configuration list for PBXProject "DynamicListSwiftUI" */ = {
			isa = XCConfigurationList;
			buildConfigurations = (
				DBB71BE922ADB95B00588E01 /* Debug */,
				DBB71BEA22ADB95B00588E01 /* Release */,
			);
			defaultConfigurationIsVisible = 0;
			defaultConfigurationName = Release;
		};
		DBB71BEB22ADB95B00588E01 /* Build configuration list for PBXNativeTarget "DynamicListSwiftUI" */ = {
			isa = XCConfigurationList;
			buildConfigurations = (
				DBB71BEC22ADB95B00588E01 /* Debug */,
				DBB71BED22ADB95B00588E01 /* Release */,
			);
			defaultConfigurationIsVisible = 0;
			defaultConfigurationName = Release;
		};
/* End XCConfigurationList section */
	};
	rootObject = DBB71BCF22ADB95600588E01 /* Project object */;
}
